
Microsoft Visual Studio Solution File, Format Version 12.00
# Visual Studio 15
VisualStudioVersion = 15.0.27428.2015
MinimumVisualStudioVersion = 10.0.40219.1
Project("{9A19103F-16F7-4668-BE54-9A1E7A4F7556}") = "Hake.Extension.Cache", "Hake.Extension.Cache\Hake.Extension.Cache.csproj", "{A6FB7C97-1A25-4EBE-94B6-057B9C9499EE}"
EndProject
Project("{FAE04EC0-301F-11D3-BF4B-00C04F79EFBC}") = "Test", "Test\Test.csproj", "{72FA151E-2A11-4EB8-94D1-63466631CF24}"
EndProject
Global
	GlobalSection(SolutionConfigurationPlatforms) = preSolution
		Debug|Any CPU = Debug|Any CPU
		Release|Any CPU = Release|Any CPU
		Test|Any CPU = Test|Any CPU
	EndGlobalSection
	GlobalSection(ProjectConfigurationPlatforms) = postSolution
		{A6FB7C97-1A25-4EBE-94B6-057B9C9499EE}.Debug|Any CPU.ActiveCfg = Debug|Any CPU
		{A6FB7C97-1A25-4EBE-94B6-057B9C9499EE}.Debug|Any CPU.Build.0 = Debug|Any CPU
		{A6FB7C97-1A25-4EBE-94B6-057B9C9499EE}.Release|Any CPU.ActiveCfg = Release|Any CPU
		{A6FB7C97-1A25-4EBE-94B6-057B9C9499EE}.Release|Any CPU.Build.0 = Release|Any CPU
		{A6FB7C97-1A25-4EBE-94B6-057B9C9499EE}.Test|Any CPU.ActiveCfg = Test|Any CPU
		{A6FB7C97-1A25-4EBE-94B6-057B9C9499EE}.Test|Any CPU.Build.0 = Test|Any CPU
		{72FA151E-2A11-4EB8-94D1-63466631CF24}.Debug|Any CPU.ActiveCfg = Debug|Any CPU
		{72FA151E-2A11-4EB8-94D1-63466631CF24}.Debug|Any CPU.Build.0 = Debug|Any CPU
		{72FA151E-2A11-4EB8-94D1-63466631CF24}.Release|Any CPU.ActiveCfg = Release|Any CPU
		{72FA151E-2A11-4EB8-94D1-63466631CF24}.Release|Any CPU.Build.0 = Release|Any CPU
		{72FA151E-2A11-4EB8-94D1-63466631CF24}.Test|Any CPU.ActiveCfg = Test|Any CPU
		{72FA151E-2A11-4EB8-94D1-63466631CF24}.Test|Any CPU.Build.0 = Test|Any CPU
	EndGlobalSection
	GlobalSection(SolutionProperties) = preSolution
		HideSolutionNode = FALSE
	EndGlobalSection
	GlobalSection(ExtensibilityGlobals) = postSolution
		SolutionGuid = {A1AC73F7-0026-4F36-A88F-D039E420DF69}
	EndGlobalSection
EndGlobal
